
Microsoft Visual Studio Solution File, Format Version 9.00
# Visual Studio 2005
Project("{FAE04EC0-301F-11D3-BF4B-00C04F79EFBC}") = "WinShell", "WinShell\WinShell.csproj", "{5C1F5D13-B5F3-46F6-8A25-D02D7D0C83B8}"
EndProject
Project("{FAE04EC0-301F-11D3-BF4B-00C04F79EFBC}") = "Sample1", "Sample1\Sample1.csproj", "{5420C71F-BAEA-46C6-8DF3-6201022F09FE}"
EndProject
Global
	GlobalSection(SolutionConfigurationPlatforms) = preSolution
		Debug|Any CPU = Debug|Any CPU
		Release|Any CPU = Release|Any CPU
	EndGlobalSection
	GlobalSection(ProjectConfigurationPlatforms) = postSolution
		{5C1F5D13-B5F3-46F6-8A25-D02D7D0C83B8}.Debug|Any CPU.ActiveCfg = Debug|Any CPU
		{5C1F5D13-B5F3-46F6-8A25-D02D7D0C83B8}.Debug|Any CPU.Build.0 = Debug|Any CPU
		{5C1F5D13-B5F3-46F6-8A25-D02D7D0C83B8}.Release|Any CPU.ActiveCfg = Release|Any CPU
		{5C1F5D13-B5F3-46F6-8A25-D02D7D0C83B8}.Release|Any CPU.Build.0 = Release|Any CPU
		{5420C71F-BAEA-46C6-8DF3-6201022F09FE}.Debug|Any CPU.ActiveCfg = Debug|Any CPU
		{5420C71F-BAEA-46C6-8DF3-6201022F09FE}.Debug|Any CPU.Build.0 = Debug|Any CPU
		{5420C71F-BAEA-46C6-8DF3-6201022F09FE}.Release|Any CPU.ActiveCfg = Release|Any CPU
		{5420C71F-BAEA-46C6-8DF3-6201022F09FE}.Release|Any CPU.Build.0 = Release|Any CPU
	EndGlobalSection
	GlobalSection(SolutionProperties) = preSolution
		HideSolutionNode = FALSE
	EndGlobalSection
EndGlobal
