Microsoft Visual Studio Solution File, Format Version 8.00
Project("{FAE04EC0-301F-11D3-BF4B-00C04F79EFBC}") = "DotMsn", "DotMsn.csproj", "{3E295830-FD7D-4ABA-9179-194A20C94AE3}"
	ProjectSection(ProjectDependencies) = postProject
	EndProjectSection
EndProject
Global
	GlobalSection(SolutionConfiguration) = preSolution
		Debug = Debug
		Release = Release
	EndGlobalSection
	GlobalSection(ProjectConfiguration) = postSolution
		{3E295830-FD7D-4ABA-9179-194A20C94AE3}.Debug.ActiveCfg = Debug|.NET
		{3E295830-FD7D-4ABA-9179-194A20C94AE3}.Debug.Build.0 = Debug|.NET
		{3E295830-FD7D-4ABA-9179-194A20C94AE3}.Release.ActiveCfg = Release|.NET
		{3E295830-FD7D-4ABA-9179-194A20C94AE3}.Release.Build.0 = Release|.NET
	EndGlobalSection
	GlobalSection(ExtensibilityGlobals) = postSolution
	EndGlobalSection
	GlobalSection(ExtensibilityAddIns) = postSolution
	EndGlobalSection
EndGlobal
