
Microsoft Visual Studio Solution File, Format Version 9.00
# Visual C# Express 2005
Project("{FAE04EC0-301F-11D3-BF4B-00C04F79EFBC}") = "AutoCollect", "ConsoleApplication2\AutoCollect.csproj", "{7898A79D-E7BF-4729-BC8B-E3E23CBB9364}"
EndProject
Global
	GlobalSection(SolutionConfigurationPlatforms) = preSolution
		Debug|Any CPU = Debug|Any CPU
		Release|Any CPU = Release|Any CPU
	EndGlobalSection
	GlobalSection(ProjectConfigurationPlatforms) = postSolution
		{7898A79D-E7BF-4729-BC8B-E3E23CBB9364}.Debug|Any CPU.ActiveCfg = Debug|Any CPU
		{7898A79D-E7BF-4729-BC8B-E3E23CBB9364}.Debug|Any CPU.Build.0 = Debug|Any CPU
		{7898A79D-E7BF-4729-BC8B-E3E23CBB9364}.Release|Any CPU.ActiveCfg = Release|Any CPU
		{7898A79D-E7BF-4729-BC8B-E3E23CBB9364}.Release|Any CPU.Build.0 = Release|Any CPU
	EndGlobalSection
	GlobalSection(SolutionProperties) = preSolution
		HideSolutionNode = FALSE
	EndGlobalSection
EndGlobal
