
Microsoft Visual Studio Solution File, Format Version 9.00
# Visual Studio 2005
Project("{FAE04EC0-301F-11D3-BF4B-00C04F79EFBC}") = "SharpZibTest", "SharpZibTest\SharpZibTest.csproj", "{B90AE3C5-3563-4A87-846E-FBEB532E567F}"
EndProject
Project("{FAE04EC0-301F-11D3-BF4B-00C04F79EFBC}") = "test", "test\test.csproj", "{8746ADEF-41A4-440D-A494-8AF7C261B6A9}"
EndProject
Global
	GlobalSection(SolutionConfigurationPlatforms) = preSolution
		Debug|Any CPU = Debug|Any CPU
		Release|Any CPU = Release|Any CPU
	EndGlobalSection
	GlobalSection(ProjectConfigurationPlatforms) = postSolution
		{B90AE3C5-3563-4A87-846E-FBEB532E567F}.Debug|Any CPU.ActiveCfg = Debug|Any CPU
		{B90AE3C5-3563-4A87-846E-FBEB532E567F}.Debug|Any CPU.Build.0 = Debug|Any CPU
		{B90AE3C5-3563-4A87-846E-FBEB532E567F}.Release|Any CPU.ActiveCfg = Release|Any CPU
		{B90AE3C5-3563-4A87-846E-FBEB532E567F}.Release|Any CPU.Build.0 = Release|Any CPU
		{8746ADEF-41A4-440D-A494-8AF7C261B6A9}.Debug|Any CPU.ActiveCfg = Debug|Any CPU
		{8746ADEF-41A4-440D-A494-8AF7C261B6A9}.Debug|Any CPU.Build.0 = Debug|Any CPU
		{8746ADEF-41A4-440D-A494-8AF7C261B6A9}.Release|Any CPU.ActiveCfg = Release|Any CPU
		{8746ADEF-41A4-440D-A494-8AF7C261B6A9}.Release|Any CPU.Build.0 = Release|Any CPU
	EndGlobalSection
	GlobalSection(SolutionProperties) = preSolution
		HideSolutionNode = FALSE
	EndGlobalSection
EndGlobal
