
Microsoft Visual Studio Solution File, Format Version 9.00
# Visual Studio 2005
Project("{FAE04EC0-301F-11D3-BF4B-00C04F79EFBC}") = "GameTrainer", "GameTrainer\GameTrainer.csproj", "{2ACE9A00-9F31-4B19-B8D1-2A0EA880725B}"
EndProject
Global
	GlobalSection(SolutionConfigurationPlatforms) = preSolution
		Debug|Any CPU = Debug|Any CPU
		Release|Any CPU = Release|Any CPU
	EndGlobalSection
	GlobalSection(ProjectConfigurationPlatforms) = postSolution
		{2ACE9A00-9F31-4B19-B8D1-2A0EA880725B}.Debug|Any CPU.ActiveCfg = Debug|Any CPU
		{2ACE9A00-9F31-4B19-B8D1-2A0EA880725B}.Debug|Any CPU.Build.0 = Debug|Any CPU
		{2ACE9A00-9F31-4B19-B8D1-2A0EA880725B}.Release|Any CPU.ActiveCfg = Release|Any CPU
		{2ACE9A00-9F31-4B19-B8D1-2A0EA880725B}.Release|Any CPU.Build.0 = Release|Any CPU
	EndGlobalSection
	GlobalSection(SolutionProperties) = preSolution
		HideSolutionNode = FALSE
	EndGlobalSection
EndGlobal
